// !$*UTF8*$!
{
	archiveVersion = 1;
	classes = {
	};
	objectVersion = 48;
	objects = {

/* Begin PBXBuildFile section */
		B51E1C8A2009C5AB002B7400 /* AppStoreIcon.png in Resources */ = {isa = PBXBuildFile; fileRef = B51E1C892009C5AB002B7400 /* AppStoreIcon.png */; };
		B51E1C9B2009CC63002B7400 /* Icon-App-20x20@3x.png in Resources */ = {isa = PBXBuildFile; fileRef = B51E1C8D2009CC62002B7400 /* Icon-App-20x20@3x.png */; };
		B51E1C9C2009CC63002B7400 /* Icon-App-29x29@1x.png in Resources */ = {isa = PBXBuildFile; fileRef = B51E1C8E2009CC62002B7400 /* Icon-App-29x29@1x.png */; };
		B51E1C9D2009CC63002B7400 /* Icon-App-29x29@3x.png in Resources */ = {isa = PBXBuildFile; fileRef = B51E1C8F2009CC62002B7400 /* Icon-App-29x29@3x.png */; };
		B51E1C9E2009CC63002B7400 /* Icon-App-76x76@1x.png in Resources */ = {isa = PBXBuildFile; fileRef = B51E1C902009CC62002B7400 /* Icon-App-76x76@1x.png */; };
		B51E1C9F2009CC63002B7400 /* Icon-App-29x29@2x.png in Resources */ = {isa = PBXBuildFile; fileRef = B51E1C912009CC62002B7400 /* Icon-App-29x29@2x.png */; };
		B51E1CA02009CC63002B7400 /* Icon-App-40x40@3x.png in Resources */ = {isa = PBXBuildFile; fileRef = B51E1C922009CC62002B7400 /* Icon-App-40x40@3x.png */; };
		B51E1CA12009CC63002B7400 /* Icon-App-76x76@2x.png in Resources */ = {isa = PBXBuildFile; fileRef = B51E1C932009CC62002B7400 /* Icon-App-76x76@2x.png */; };
		B51E1CA22009CC63002B7400 /* Icon-App-60x60@3x.png in Resources */ = {isa = PBXBuildFile; fileRef = B51E1C942009CC62002B7400 /* Icon-App-60x60@3x.png */; };
		B51E1CA32009CC63002B7400 /* Icon-App-20x20@1x.png in Resources */ = {isa = PBXBuildFile; fileRef = B51E1C952009CC63002B7400 /* Icon-App-20x20@1x.png */; };
		B51E1CA42009CC63002B7400 /* Icon-App-20x20@2x.png in Resources */ = {isa = PBXBuildFile; fileRef = B51E1C962009CC63002B7400 /* Icon-App-20x20@2x.png */; };
		B51E1CA52009CC63002B7400 /* Icon-App-40x40@1x.png in Resources */ = {isa = PBXBuildFile; fileRef = B51E1C972009CC63002B7400 /* Icon-App-40x40@1x.png */; };
		B51E1CA62009CC63002B7400 /* Icon-App-83.5x83.5@2x.png in Resources */ = {isa = PBXBuildFile; fileRef = B51E1C982009CC63002B7400 /* Icon-App-83.5x83.5@2x.png */; };
		B51E1CA72009CC63002B7400 /* Icon-App-60x60@2x.png in Resources */ = {isa = PBXBuildFile; fileRef = B51E1C992009CC63002B7400 /* Icon-App-60x60@2x.png */; };
		B51E1CA82009CC63002B7400 /* Icon-App-40x40@2x.png in Resources */ = {isa = PBXBuildFile; fileRef = B51E1C9A2009CC63002B7400 /* Icon-App-40x40@2x.png */; };
		B51E1CB22009EFAF002B7400 /* MorningAlarm.png in Resources */ = {isa = PBXBuildFile; fileRef = B51E1CAF2009EFAE002B7400 /* MorningAlarm.png */; };
		B51E1CB32009EFAF002B7400 /* AfternoonAlarm.png in Resources */ = {isa = PBXBuildFile; fileRef = B51E1CB02009EFAE002B7400 /* AfternoonAlarm.png */; };
		B51E1CB42009EFAF002B7400 /* EveningAlarm.png in Resources */ = {isa = PBXBuildFile; fileRef = B51E1CB12009EFAF002B7400 /* EveningAlarm.png */; };
		B51E1CB6200D9621002B7400 /* SelectTimePopupViewController.swift in Sources */ = {isa = PBXBuildFile; fileRef = B51E1CB5200D9621002B7400 /* SelectTimePopupViewController.swift */; };
		B51E1CB8200DA6A2002B7400 /* AlarmCellTableViewCell.swift in Sources */ = {isa = PBXBuildFile; fileRef = B51E1CB7200DA6A2002B7400 /* AlarmCellTableViewCell.swift */; };
		B51E1CBD200DAB1C002B7400 /* KakaoOpenSDK.framework in Frameworks */ = {isa = PBXBuildFile; fileRef = B51E1CBC200DAB1C002B7400 /* KakaoOpenSDK.framework */; };
		B51E1CC2200DB7A8002B7400 /* ConfigConstants.swift in Sources */ = {isa = PBXBuildFile; fileRef = B51E1CC1200DB7A8002B7400 /* ConfigConstants.swift */; };
		B51E1CC4200DBD95002B7400 /* kakaoLogin.png in Resources */ = {isa = PBXBuildFile; fileRef = B51E1CC3200DBD95002B7400 /* kakaoLogin.png */; };
		B51E1CC6200DBE50002B7400 /* LoginViewController.swift in Sources */ = {isa = PBXBuildFile; fileRef = B51E1CC5200DBE50002B7400 /* LoginViewController.swift */; };
		B541EC8C20086BCE00CFA685 /* Afternoon.png in Resources */ = {isa = PBXBuildFile; fileRef = B541EC8920086BCE00CFA685 /* Afternoon.png */; };
		B541EC8D20086BCE00CFA685 /* Evening.png in Resources */ = {isa = PBXBuildFile; fileRef = B541EC8A20086BCE00CFA685 /* Evening.png */; };
		B541EC8E20086BCE00CFA685 /* Morning.png in Resources */ = {isa = PBXBuildFile; fileRef = B541EC8B20086BCE00CFA685 /* Morning.png */; };
		B541EC9020086E1500CFA685 /* DetailViewController.swift in Sources */ = {isa = PBXBuildFile; fileRef = B541EC8F20086E1500CFA685 /* DetailViewController.swift */; };
		B541EC9320086FB600CFA685 /* DetailTableViewCell.swift in Sources */ = {isa = PBXBuildFile; fileRef = B541EC9120086FB600CFA685 /* DetailTableViewCell.swift */; };
		B541EC9420086FB600CFA685 /* DetailTableViewCell.xib in Resources */ = {isa = PBXBuildFile; fileRef = B541EC9220086FB600CFA685 /* DetailTableViewCell.xib */; };
		B541EC972008763500CFA685 /* BibleVersesTableViewCell.swift in Sources */ = {isa = PBXBuildFile; fileRef = B541EC952008763500CFA685 /* BibleVersesTableViewCell.swift */; };
		B541EC982008763500CFA685 /* BibleVersesTableViewCell.xib in Resources */ = {isa = PBXBuildFile; fileRef = B541EC962008763500CFA685 /* BibleVersesTableViewCell.xib */; };
		B541EC9A20087D6500CFA685 /* Bible.png in Resources */ = {isa = PBXBuildFile; fileRef = B541EC9920087D6500CFA685 /* Bible.png */; };
		B541EC9C2008923500CFA685 /* WriteMeditationViewController.swift in Sources */ = {isa = PBXBuildFile; fileRef = B541EC9B2008923500CFA685 /* WriteMeditationViewController.swift */; };
		B541ECA02008B15500CFA685 /* Define.swift in Sources */ = {isa = PBXBuildFile; fileRef = B541EC9F2008B15500CFA685 /* Define.swift */; };
		B5C6108320244F4300BD2DE1 /* CalenderView.xib in Resources */ = {isa = PBXBuildFile; fileRef = B5C6108220244F4300BD2DE1 /* CalenderView.xib */; };
		B5C6108520244F7800BD2DE1 /* CalenderView.swift in Sources */ = {isa = PBXBuildFile; fileRef = B5C6108420244F7800BD2DE1 /* CalenderView.swift */; };
		B5C61089202962DD00BD2DE1 /* logout.png in Resources */ = {isa = PBXBuildFile; fileRef = B5C61088202962DD00BD2DE1 /* logout.png */; };
		B5C6108D20296DF900BD2DE1 /* settings.png in Resources */ = {isa = PBXBuildFile; fileRef = B5C6108C20296DF900BD2DE1 /* settings.png */; };
		B5C6119A20538E2600BD2DE1 /* CopyrightTableViewCell.swift in Sources */ = {isa = PBXBuildFile; fileRef = B5C6119820538E2600BD2DE1 /* CopyrightTableViewCell.swift */; };
		B5C6119B20538E2600BD2DE1 /* CopyrightTableViewCell.xib in Resources */ = {isa = PBXBuildFile; fileRef = B5C6119920538E2600BD2DE1 /* CopyrightTableViewCell.xib */; };
		B5F56AB52000FD8A00CCED3E /* AppDelegate.swift in Sources */ = {isa = PBXBuildFile; fileRef = B5F56AB42000FD8A00CCED3E /* AppDelegate.swift */; };
		B5F56AB72000FD8A00CCED3E /* ViewController.swift in Sources */ = {isa = PBXBuildFile; fileRef = B5F56AB62000FD8A00CCED3E /* ViewController.swift */; };
		B5F56ABA2000FD8A00CCED3E /* Main.storyboard in Resources */ = {isa = PBXBuildFile; fileRef = B5F56AB82000FD8A00CCED3E /* Main.storyboard */; };
		B5F56ABC2000FD8A00CCED3E /* Assets.xcassets in Resources */ = {isa = PBXBuildFile; fileRef = B5F56ABB2000FD8A00CCED3E /* Assets.xcassets */; };
		B5F56ABF2000FD8A00CCED3E /* LaunchScreen.storyboard in Resources */ = {isa = PBXBuildFile; fileRef = B5F56ABD2000FD8A00CCED3E /* LaunchScreen.storyboard */; };
		B5F56ACA200468F200CCED3E /* Default.png in Resources */ = {isa = PBXBuildFile; fileRef = B5F56AC7200468F200CCED3E /* Default.png */; };
		B5F56ACB200468F200CCED3E /* Default@2x.png in Resources */ = {isa = PBXBuildFile; fileRef = B5F56AC8200468F200CCED3E /* Default@2x.png */; };
		B5F56ACC200468F200CCED3E /* Default@3x.png in Resources */ = {isa = PBXBuildFile; fileRef = B5F56AC9200468F200CCED3E /* Default@3x.png */; };
		B5F56AD620047B1D00CCED3E /* SettingViewController.swift in Sources */ = {isa = PBXBuildFile; fileRef = B5F56AD520047B1D00CCED3E /* SettingViewController.swift */; };
		B5F56ADB200741CA00CCED3E /* SelectDatePopupViewController.swift in Sources */ = {isa = PBXBuildFile; fileRef = B5F56ADA200741CA00CCED3E /* SelectDatePopupViewController.swift */; };
/* End PBXBuildFile section */

/* Begin PBXFileReference section */
		B51E1C892009C5AB002B7400 /* AppStoreIcon.png */ = {isa = PBXFileReference; lastKnownFileType = image.png; path = AppStoreIcon.png; sourceTree = "<group>"; };
		B51E1C8D2009CC62002B7400 /* Icon-App-20x20@3x.png */ = {isa = PBXFileReference; lastKnownFileType = image.png; path = "Icon-App-20x20@3x.png"; sourceTree = "<group>"; };
		B51E1C8E2009CC62002B7400 /* Icon-App-29x29@1x.png */ = {isa = PBXFileReference; lastKnownFileType = image.png; path = "Icon-App-29x29@1x.png"; sourceTree = "<group>"; };
		B51E1C8F2009CC62002B7400 /* Icon-App-29x29@3x.png */ = {isa = PBXFileReference; lastKnownFileType = image.png; path = "Icon-App-29x29@3x.png"; sourceTree = "<group>"; };
		B51E1C902009CC62002B7400 /* Icon-App-76x76@1x.png */ = {isa = PBXFileReference; lastKnownFileType = image.png; path = "Icon-App-76x76@1x.png"; sourceTree = "<group>"; };
		B51E1C912009CC62002B7400 /* Icon-App-29x29@2x.png */ = {isa = PBXFileReference; lastKnownFileType = image.png; path = "Icon-App-29x29@2x.png"; sourceTree = "<group>"; };
		B51E1C922009CC62002B7400 /* Icon-App-40x40@3x.png */ = {isa = PBXFileReference; lastKnownFileType = image.png; path = "Icon-App-40x40@3x.png"; sourceTree = "<group>"; };
		B51E1C932009CC62002B7400 /* Icon-App-76x76@2x.png */ = {isa = PBXFileReference; lastKnownFileType = image.png; path = "Icon-App-76x76@2x.png"; sourceTree = "<group>"; };
		B51E1C942009CC62002B7400 /* Icon-App-60x60@3x.png */ = {isa = PBXFileReference; lastKnownFileType = image.png; path = "Icon-App-60x60@3x.png"; sourceTree = "<group>"; };
		B51E1C952009CC63002B7400 /* Icon-App-20x20@1x.png */ = {isa = PBXFileReference; lastKnownFileType = image.png; path = "Icon-App-20x20@1x.png"; sourceTree = "<group>"; };
		B51E1C962009CC63002B7400 /* Icon-App-20x20@2x.png */ = {isa = PBXFileReference; lastKnownFileType = image.png; path = "Icon-App-20x20@2x.png"; sourceTree = "<group>"; };
		B51E1C972009CC63002B7400 /* Icon-App-40x40@1x.png */ = {isa = PBXFileReference; lastKnownFileType = image.png; path = "Icon-App-40x40@1x.png"; sourceTree = "<group>"; };
		B51E1C982009CC63002B7400 /* Icon-App-83.5x83.5@2x.png */ = {isa = PBXFileReference; lastKnownFileType = image.png; path = "Icon-App-83.5x83.5@2x.png"; sourceTree = "<group>"; };
		B51E1C992009CC63002B7400 /* Icon-App-60x60@2x.png */ = {isa = PBXFileReference; lastKnownFileType = image.png; path = "Icon-App-60x60@2x.png"; sourceTree = "<group>"; };
		B51E1C9A2009CC63002B7400 /* Icon-App-40x40@2x.png */ = {isa = PBXFileReference; lastKnownFileType = image.png; path = "Icon-App-40x40@2x.png"; sourceTree = "<group>"; };
		B51E1CAF2009EFAE002B7400 /* MorningAlarm.png */ = {isa = PBXFileReference; lastKnownFileType = image.png; path = MorningAlarm.png; sourceTree = "<group>"; };
		B51E1CB02009EFAE002B7400 /* AfternoonAlarm.png */ = {isa = PBXFileReference; lastKnownFileType = image.png; path = AfternoonAlarm.png; sourceTree = "<group>"; };
		B51E1CB12009EFAF002B7400 /* EveningAlarm.png */ = {isa = PBXFileReference; lastKnownFileType = image.png; path = EveningAlarm.png; sourceTree = "<group>"; };
		B51E1CB5200D9621002B7400 /* SelectTimePopupViewController.swift */ = {isa = PBXFileReference; lastKnownFileType = sourcecode.swift; path = SelectTimePopupViewController.swift; sourceTree = "<group>"; };
		B51E1CB7200DA6A2002B7400 /* AlarmCellTableViewCell.swift */ = {isa = PBXFileReference; lastKnownFileType = sourcecode.swift; path = AlarmCellTableViewCell.swift; sourceTree = "<group>"; };
		B51E1CBC200DAB1C002B7400 /* KakaoOpenSDK.framework */ = {isa = PBXFileReference; lastKnownFileType = wrapper.framework; path = KakaoOpenSDK.framework; sourceTree = "<group>"; };
		B51E1CBE200DADB2002B7400 /* Briging-Header.h */ = {isa = PBXFileReference; lastKnownFileType = sourcecode.c.h; path = "Briging-Header.h"; sourceTree = "<group>"; };
		B51E1CC1200DB7A8002B7400 /* ConfigConstants.swift */ = {isa = PBXFileReference; lastKnownFileType = sourcecode.swift; path = ConfigConstants.swift; sourceTree = "<group>"; };
		B51E1CC3200DBD95002B7400 /* kakaoLogin.png */ = {isa = PBXFileReference; lastKnownFileType = image.png; path = kakaoLogin.png; sourceTree = "<group>"; };
		B51E1CC5200DBE50002B7400 /* LoginViewController.swift */ = {isa = PBXFileReference; lastKnownFileType = sourcecode.swift; path = LoginViewController.swift; sourceTree = "<group>"; };
		B541EC8920086BCE00CFA685 /* Afternoon.png */ = {isa = PBXFileReference; lastKnownFileType = image.png; path = Afternoon.png; sourceTree = "<group>"; };
		B541EC8A20086BCE00CFA685 /* Evening.png */ = {isa = PBXFileReference; lastKnownFileType = image.png; path = Evening.png; sourceTree = "<group>"; };
		B541EC8B20086BCE00CFA685 /* Morning.png */ = {isa = PBXFileReference; lastKnownFileType = image.png; path = Morning.png; sourceTree = "<group>"; };
		B541EC8F20086E1500CFA685 /* DetailViewController.swift */ = {isa = PBXFileReference; lastKnownFileType = sourcecode.swift; path = DetailViewController.swift; sourceTree = "<group>"; };
		B541EC9120086FB600CFA685 /* DetailTableViewCell.swift */ = {isa = PBXFileReference; lastKnownFileType = sourcecode.swift; path = DetailTableViewCell.swift; sourceTree = "<group>"; };
		B541EC9220086FB600CFA685 /* DetailTableViewCell.xib */ = {isa = PBXFileReference; lastKnownFileType = file.xib; path = DetailTableViewCell.xib; sourceTree = "<group>"; };
		B541EC952008763500CFA685 /* BibleVersesTableViewCell.swift */ = {isa = PBXFileReference; lastKnownFileType = sourcecode.swift; path = BibleVersesTableViewCell.swift; sourceTree = "<group>"; };
		B541EC962008763500CFA685 /* BibleVersesTableViewCell.xib */ = {isa = PBXFileReference; lastKnownFileType = file.xib; path = BibleVersesTableViewCell.xib; sourceTree = "<group>"; };
		B541EC9920087D6500CFA685 /* Bible.png */ = {isa = PBXFileReference; lastKnownFileType = image.png; path = Bible.png; sourceTree = "<group>"; };
		B541EC9B2008923500CFA685 /* WriteMeditationViewController.swift */ = {isa = PBXFileReference; lastKnownFileType = sourcecode.swift; path = WriteMeditationViewController.swift; sourceTree = "<group>"; };
		B541EC9F2008B15500CFA685 /* Define.swift */ = {isa = PBXFileReference; lastKnownFileType = sourcecode.swift; path = Define.swift; sourceTree = "<group>"; };
		B5C6108220244F4300BD2DE1 /* CalenderView.xib */ = {isa = PBXFileReference; lastKnownFileType = file.xib; path = CalenderView.xib; sourceTree = "<group>"; };
		B5C6108420244F7800BD2DE1 /* CalenderView.swift */ = {isa = PBXFileReference; lastKnownFileType = sourcecode.swift; path = CalenderView.swift; sourceTree = "<group>"; };
		B5C61088202962DD00BD2DE1 /* logout.png */ = {isa = PBXFileReference; lastKnownFileType = image.png; path = logout.png; sourceTree = "<group>"; };
		B5C6108C20296DF900BD2DE1 /* settings.png */ = {isa = PBXFileReference; lastKnownFileType = image.png; path = settings.png; sourceTree = "<group>"; };
		B5C6119820538E2600BD2DE1 /* CopyrightTableViewCell.swift */ = {isa = PBXFileReference; lastKnownFileType = sourcecode.swift; path = CopyrightTableViewCell.swift; sourceTree = "<group>"; };
		B5C6119920538E2600BD2DE1 /* CopyrightTableViewCell.xib */ = {isa = PBXFileReference; lastKnownFileType = file.xib; path = CopyrightTableViewCell.xib; sourceTree = "<group>"; };
		B5F56AB12000FD8A00CCED3E /* Three_meditation_a_day.app */ = {isa = PBXFileReference; explicitFileType = wrapper.application; includeInIndex = 0; path = Three_meditation_a_day.app; sourceTree = BUILT_PRODUCTS_DIR; };
		B5F56AB42000FD8A00CCED3E /* AppDelegate.swift */ = {isa = PBXFileReference; lastKnownFileType = sourcecode.swift; path = AppDelegate.swift; sourceTree = "<group>"; };
		B5F56AB62000FD8A00CCED3E /* ViewController.swift */ = {isa = PBXFileReference; lastKnownFileType = sourcecode.swift; path = ViewController.swift; sourceTree = "<group>"; };
		B5F56AB92000FD8A00CCED3E /* Base */ = {isa = PBXFileReference; lastKnownFileType = file.storyboard; name = Base; path = Base.lproj/Main.storyboard; sourceTree = "<group>"; };
		B5F56ABB2000FD8A00CCED3E /* Assets.xcassets */ = {isa = PBXFileReference; lastKnownFileType = folder.assetcatalog; path = Assets.xcassets; sourceTree = "<group>"; };
		B5F56ABE2000FD8A00CCED3E /* Base */ = {isa = PBXFileReference; lastKnownFileType = file.storyboard; name = Base; path = Base.lproj/LaunchScreen.storyboard; sourceTree = "<group>"; };
		B5F56AC02000FD8A00CCED3E /* Info.plist */ = {isa = PBXFileReference; lastKnownFileType = text.plist.xml; path = Info.plist; sourceTree = "<group>"; };
		B5F56AC7200468F200CCED3E /* Default.png */ = {isa = PBXFileReference; lastKnownFileType = image.png; path = Default.png; sourceTree = "<group>"; };
		B5F56AC8200468F200CCED3E /* Default@2x.png */ = {isa = PBXFileReference; lastKnownFileType = image.png; path = "Default@2x.png"; sourceTree = "<group>"; };
		B5F56AC9200468F200CCED3E /* Default@3x.png */ = {isa = PBXFileReference; lastKnownFileType = image.png; path = "Default@3x.png"; sourceTree = "<group>"; };
		B5F56AD520047B1D00CCED3E /* SettingViewController.swift */ = {isa = PBXFileReference; lastKnownFileType = sourcecode.swift; path = SettingViewController.swift; sourceTree = "<group>"; };
		B5F56ADA200741CA00CCED3E /* SelectDatePopupViewController.swift */ = {isa = PBXFileReference; lastKnownFileType = sourcecode.swift; path = SelectDatePopupViewController.swift; sourceTree = "<group>"; };
/* End PBXFileReference section */

/* Begin PBXFrameworksBuildPhase section */
		B5F56AAE2000FD8A00CCED3E /* Frameworks */ = {
			isa = PBXFrameworksBuildPhase;
			buildActionMask = 2147483647;
			files = (
				B51E1CBD200DAB1C002B7400 /* KakaoOpenSDK.framework in Frameworks */,
			);
			runOnlyForDeploymentPostprocessing = 0;
		};
/* End PBXFrameworksBuildPhase section */

/* Begin PBXGroup section */
		B51E1CBB200DAAC9002B7400 /* Frameworks */ = {
			isa = PBXGroup;
			children = (
				B51E1CBC200DAB1C002B7400 /* KakaoOpenSDK.framework */,
			);
			path = Frameworks;
			sourceTree = "<group>";
		};
		B5F56AA82000FD8A00CCED3E = {
			isa = PBXGroup;
			children = (
				B51E1CBB200DAAC9002B7400 /* Frameworks */,
				B5F56AB32000FD8A00CCED3E /* Three_meditation_a_day */,
				B5F56AB22000FD8A00CCED3E /* Products */,
			);
			sourceTree = "<group>";
		};
		B5F56AB22000FD8A00CCED3E /* Products */ = {
			isa = PBXGroup;
			children = (
				B5F56AB12000FD8A00CCED3E /* Three_meditation_a_day.app */,
			);
			name = Products;
			sourceTree = "<group>";
		};
		B5F56AB32000FD8A00CCED3E /* Three_meditation_a_day */ = {
			isa = PBXGroup;
			children = (
				B5F56AC6200468DD00CCED3E /* Resource */,
				B5F56AB42000FD8A00CCED3E /* AppDelegate.swift */,
				B5F56AB62000FD8A00CCED3E /* ViewController.swift */,
				B5F56AB82000FD8A00CCED3E /* Main.storyboard */,
				B5F56ABB2000FD8A00CCED3E /* Assets.xcassets */,
				B5F56ABD2000FD8A00CCED3E /* LaunchScreen.storyboard */,
				B5F56AC02000FD8A00CCED3E /* Info.plist */,
				B5F56AD520047B1D00CCED3E /* SettingViewController.swift */,
				B5F56ADA200741CA00CCED3E /* SelectDatePopupViewController.swift */,
				B541EC8F20086E1500CFA685 /* DetailViewController.swift */,
				B541EC9120086FB600CFA685 /* DetailTableViewCell.swift */,
				B541EC9220086FB600CFA685 /* DetailTableViewCell.xib */,
				B541EC952008763500CFA685 /* BibleVersesTableViewCell.swift */,
				B541EC962008763500CFA685 /* BibleVersesTableViewCell.xib */,
				B541EC9B2008923500CFA685 /* WriteMeditationViewController.swift */,
				B541EC9F2008B15500CFA685 /* Define.swift */,
				B51E1CB5200D9621002B7400 /* SelectTimePopupViewController.swift */,
				B51E1CB7200DA6A2002B7400 /* AlarmCellTableViewCell.swift */,
				B51E1CBE200DADB2002B7400 /* Briging-Header.h */,
				B51E1CC1200DB7A8002B7400 /* ConfigConstants.swift */,
				B51E1CC5200DBE50002B7400 /* LoginViewController.swift */,
				B5C6108220244F4300BD2DE1 /* CalenderView.xib */,
				B5C6108420244F7800BD2DE1 /* CalenderView.swift */,
				B5C6119820538E2600BD2DE1 /* CopyrightTableViewCell.swift */,
				B5C6119920538E2600BD2DE1 /* CopyrightTableViewCell.xib */,
			);
			path = Three_meditation_a_day;
			sourceTree = "<group>";
		};
		B5F56AC6200468DD00CCED3E /* Resource */ = {
			isa = PBXGroup;
			children = (
				B5C6108C20296DF900BD2DE1 /* settings.png */,
				B5C61088202962DD00BD2DE1 /* logout.png */,
				B51E1CC3200DBD95002B7400 /* kakaoLogin.png */,
				B51E1CB02009EFAE002B7400 /* AfternoonAlarm.png */,
				B51E1CB12009EFAF002B7400 /* EveningAlarm.png */,
				B51E1CAF2009EFAE002B7400 /* MorningAlarm.png */,
				B51E1C952009CC63002B7400 /* Icon-App-20x20@1x.png */,
				B51E1C962009CC63002B7400 /* Icon-App-20x20@2x.png */,
				B51E1C8D2009CC62002B7400 /* Icon-App-20x20@3x.png */,
				B51E1C8E2009CC62002B7400 /* Icon-App-29x29@1x.png */,
				B51E1C912009CC62002B7400 /* Icon-App-29x29@2x.png */,
				B51E1C8F2009CC62002B7400 /* Icon-App-29x29@3x.png */,
				B51E1C972009CC63002B7400 /* Icon-App-40x40@1x.png */,
				B51E1C9A2009CC63002B7400 /* Icon-App-40x40@2x.png */,
				B51E1C922009CC62002B7400 /* Icon-App-40x40@3x.png */,
				B51E1C992009CC63002B7400 /* Icon-App-60x60@2x.png */,
				B51E1C942009CC62002B7400 /* Icon-App-60x60@3x.png */,
				B51E1C902009CC62002B7400 /* Icon-App-76x76@1x.png */,
				B51E1C932009CC62002B7400 /* Icon-App-76x76@2x.png */,
				B51E1C982009CC63002B7400 /* Icon-App-83.5x83.5@2x.png */,
				B51E1C892009C5AB002B7400 /* AppStoreIcon.png */,
				B541EC9920087D6500CFA685 /* Bible.png */,
				B541EC8920086BCE00CFA685 /* Afternoon.png */,
				B541EC8A20086BCE00CFA685 /* Evening.png */,
				B541EC8B20086BCE00CFA685 /* Morning.png */,
				B5F56AC7200468F200CCED3E /* Default.png */,
				B5F56AC8200468F200CCED3E /* Default@2x.png */,
				B5F56AC9200468F200CCED3E /* Default@3x.png */,
			);
			path = Resource;
			sourceTree = "<group>";
		};
/* End PBXGroup section */

/* Begin PBXNativeTarget section */
		B5F56AB02000FD8A00CCED3E /* Three_meditation_a_day */ = {
			isa = PBXNativeTarget;
			buildConfigurationList = B5F56AC32000FD8A00CCED3E /* Build configuration list for PBXNativeTarget "Three_meditation_a_day" */;
			buildPhases = (
				B5F56AAD2000FD8A00CCED3E /* Sources */,
				B5F56AAE2000FD8A00CCED3E /* Frameworks */,
				B5F56AAF2000FD8A00CCED3E /* Resources */,
			);
			buildRules = (
			);
			dependencies = (
			);
			name = Three_meditation_a_day;
			productName = Three_meditation_a_day;
			productReference = B5F56AB12000FD8A00CCED3E /* Three_meditation_a_day.app */;
			productType = "com.apple.product-type.application";
		};
/* End PBXNativeTarget section */

/* Begin PBXProject section */
		B5F56AA92000FD8A00CCED3E /* Project object */ = {
			isa = PBXProject;
			attributes = {
				LastSwiftUpdateCheck = 0920;
				LastUpgradeCheck = 0920;
				ORGANIZATIONNAME = ParkGilNam;
				TargetAttributes = {
					B5F56AB02000FD8A00CCED3E = {
						CreatedOnToolsVersion = 9.2;
						ProvisioningStyle = Automatic;
					};
				};
			};
			buildConfigurationList = B5F56AAC2000FD8A00CCED3E /* Build configuration list for PBXProject "Three_meditation_a_day" */;
			compatibilityVersion = "Xcode 8.0";
			developmentRegion = en;
			hasScannedForEncodings = 0;
			knownRegions = (
				en,
				Base,
			);
			mainGroup = B5F56AA82000FD8A00CCED3E;
			productRefGroup = B5F56AB22000FD8A00CCED3E /* Products */;
			projectDirPath = "";
			projectRoot = "";
			targets = (
				B5F56AB02000FD8A00CCED3E /* Three_meditation_a_day */,
			);
		};
/* End PBXProject section */

/* Begin PBXResourcesBuildPhase section */
		B5F56AAF2000FD8A00CCED3E /* Resources */ = {
			isa = PBXResourcesBuildPhase;
			buildActionMask = 2147483647;
			files = (
				B51E1CA52009CC63002B7400 /* Icon-App-40x40@1x.png in Resources */,
				B51E1CC4200DBD95002B7400 /* kakaoLogin.png in Resources */,
				B51E1CB42009EFAF002B7400 /* EveningAlarm.png in Resources */,
				B541EC8E20086BCE00CFA685 /* Morning.png in Resources */,
				B5F56ABF2000FD8A00CCED3E /* LaunchScreen.storyboard in Resources */,
				B51E1CA42009CC63002B7400 /* Icon-App-20x20@2x.png in Resources */,
				B51E1CA32009CC63002B7400 /* Icon-App-20x20@1x.png in Resources */,
				B5C61089202962DD00BD2DE1 /* logout.png in Resources */,
				B51E1C9F2009CC63002B7400 /* Icon-App-29x29@2x.png in Resources */,
				B51E1C8A2009C5AB002B7400 /* AppStoreIcon.png in Resources */,
				B51E1C9C2009CC63002B7400 /* Icon-App-29x29@1x.png in Resources */,
				B51E1CA62009CC63002B7400 /* Icon-App-83.5x83.5@2x.png in Resources */,
				B51E1CA22009CC63002B7400 /* Icon-App-60x60@3x.png in Resources */,
				B51E1CB22009EFAF002B7400 /* MorningAlarm.png in Resources */,
				B51E1CA82009CC63002B7400 /* Icon-App-40x40@2x.png in Resources */,
				B541EC982008763500CFA685 /* BibleVersesTableViewCell.xib in Resources */,
				B5F56ACC200468F200CCED3E /* Default@3x.png in Resources */,
				B541EC8D20086BCE00CFA685 /* Evening.png in Resources */,
				B5F56ABC2000FD8A00CCED3E /* Assets.xcassets in Resources */,
				B5F56ACB200468F200CCED3E /* Default@2x.png in Resources */,
				B5C6108D20296DF900BD2DE1 /* settings.png in Resources */,
				B51E1C9B2009CC63002B7400 /* Icon-App-20x20@3x.png in Resources */,
				B5C6108320244F4300BD2DE1 /* CalenderView.xib in Resources */,
				B541EC9420086FB600CFA685 /* DetailTableViewCell.xib in Resources */,
				B5C6119B20538E2600BD2DE1 /* CopyrightTableViewCell.xib in Resources */,
				B51E1C9E2009CC63002B7400 /* Icon-App-76x76@1x.png in Resources */,
				B51E1CA72009CC63002B7400 /* Icon-App-60x60@2x.png in Resources */,
				B51E1C9D2009CC63002B7400 /* Icon-App-29x29@3x.png in Resources */,
				B541EC8C20086BCE00CFA685 /* Afternoon.png in Resources */,
				B51E1CA02009CC63002B7400 /* Icon-App-40x40@3x.png in Resources */,
				B5F56ABA2000FD8A00CCED3E /* Main.storyboard in Resources */,
				B51E1CA12009CC63002B7400 /* Icon-App-76x76@2x.png in Resources */,
				B541EC9A20087D6500CFA685 /* Bible.png in Resources */,
				B51E1CB32009EFAF002B7400 /* AfternoonAlarm.png in Resources */,
				B5F56ACA200468F200CCED3E /* Default.png in Resources */,
			);
			runOnlyForDeploymentPostprocessing = 0;
		};
/* End PBXResourcesBuildPhase section */

/* Begin PBXSourcesBuildPhase section */
		B5F56AAD2000FD8A00CCED3E /* Sources */ = {
			isa = PBXSourcesBuildPhase;
			buildActionMask = 2147483647;
			files = (
				B541EC9320086FB600CFA685 /* DetailTableViewCell.swift in Sources */,
				B541ECA02008B15500CFA685 /* Define.swift in Sources */,
				B5C6119A20538E2600BD2DE1 /* CopyrightTableViewCell.swift in Sources */,
				B51E1CB6200D9621002B7400 /* SelectTimePopupViewController.swift in Sources */,
				B51E1CC2200DB7A8002B7400 /* ConfigConstants.swift in Sources */,
				B5F56AB72000FD8A00CCED3E /* ViewController.swift in Sources */,
				B5F56AB52000FD8A00CCED3E /* AppDelegate.swift in Sources */,
				B541EC9020086E1500CFA685 /* DetailViewController.swift in Sources */,
				B5F56AD620047B1D00CCED3E /* SettingViewController.swift in Sources */,
				B541EC972008763500CFA685 /* BibleVersesTableViewCell.swift in Sources */,
				B51E1CB8200DA6A2002B7400 /* AlarmCellTableViewCell.swift in Sources */,
				B5C6108520244F7800BD2DE1 /* CalenderView.swift in Sources */,
				B541EC9C2008923500CFA685 /* WriteMeditationViewController.swift in Sources */,
				B51E1CC6200DBE50002B7400 /* LoginViewController.swift in Sources */,
				B5F56ADB200741CA00CCED3E /* SelectDatePopupViewController.swift in Sources */,
			);
			runOnlyForDeploymentPostprocessing = 0;
		};
/* End PBXSourcesBuildPhase section */

/* Begin PBXVariantGroup section */
		B5F56AB82000FD8A00CCED3E /* Main.storyboard */ = {
			isa = PBXVariantGroup;
			children = (
				B5F56AB92000FD8A00CCED3E /* Base */,
			);
			name = Main.storyboard;
			sourceTree = "<group>";
		};
		B5F56ABD2000FD8A00CCED3E /* LaunchScreen.storyboard */ = {
			isa = PBXVariantGroup;
			children = (
				B5F56ABE2000FD8A00CCED3E /* Base */,
			);
			name = LaunchScreen.storyboard;
			sourceTree = "<group>";
		};
/* End PBXVariantGroup section */

/* Begin XCBuildConfiguration section */
		B5F56AC12000FD8A00CCED3E /* Debug */ = {
			isa = XCBuildConfiguration;
			buildSettings = {
				ALWAYS_SEARCH_USER_PATHS = NO;
				CLANG_ANALYZER_NONNULL = YES;
				CLANG_ANALYZER_NUMBER_OBJECT_CONVERSION = YES_AGGRESSIVE;
				CLANG_CXX_LANGUAGE_STANDARD = "gnu++14";
				CLANG_CXX_LIBRARY = "libc++";
				CLANG_ENABLE_MODULES = YES;
				CLANG_ENABLE_OBJC_ARC = YES;
				CLANG_WARN_BLOCK_CAPTURE_AUTORELEASING = YES;
				CLANG_WARN_BOOL_CONVERSION = YES;
				CLANG_WARN_COMMA = YES;
				CLANG_WARN_CONSTANT_CONVERSION = YES;
				CLANG_WARN_DIRECT_OBJC_ISA_USAGE = YES_ERROR;
				CLANG_WARN_DOCUMENTATION_COMMENTS = YES;
				CLANG_WARN_EMPTY_BODY = YES;
				CLANG_WARN_ENUM_CONVERSION = YES;
				CLANG_WARN_INFINITE_RECURSION = YES;
				CLANG_WARN_INT_CONVERSION = YES;
				CLANG_WARN_NON_LITERAL_NULL_CONVERSION = YES;
				CLANG_WARN_OBJC_LITERAL_CONVERSION = YES;
				CLANG_WARN_OBJC_ROOT_CLASS = YES_ERROR;
				CLANG_WARN_RANGE_LOOP_ANALYSIS = YES;
				CLANG_WARN_STRICT_PROTOTYPES = YES;
				CLANG_WARN_SUSPICIOUS_MOVE = YES;
				CLANG_WARN_UNGUARDED_AVAILABILITY = YES_AGGRESSIVE;
				CLANG_WARN_UNREACHABLE_CODE = YES;
				CLANG_WARN__DUPLICATE_METHOD_MATCH = YES;
				CODE_SIGN_IDENTITY = "iPhone Developer";
				COPY_PHASE_STRIP = NO;
				DEBUG_INFORMATION_FORMAT = dwarf;
				ENABLE_STRICT_OBJC_MSGSEND = YES;
				ENABLE_TESTABILITY = YES;
				GCC_C_LANGUAGE_STANDARD = gnu11;
				GCC_DYNAMIC_NO_PIC = NO;
				GCC_NO_COMMON_BLOCKS = YES;
				GCC_OPTIMIZATION_LEVEL = 0;
				GCC_PREPROCESSOR_DEFINITIONS = (
					"DEBUG=1",
					"$(inherited)",
				);
				GCC_WARN_64_TO_32_BIT_CONVERSION = YES;
				GCC_WARN_ABOUT_RETURN_TYPE = YES_ERROR;
				GCC_WARN_UNDECLARED_SELECTOR = YES;
				GCC_WARN_UNINITIALIZED_AUTOS = YES_AGGRESSIVE;
				GCC_WARN_UNUSED_FUNCTION = YES;
				GCC_WARN_UNUSED_VARIABLE = YES;
				IPHONEOS_DEPLOYMENT_TARGET = 11.2;
				MTL_ENABLE_DEBUG_INFO = YES;
				ONLY_ACTIVE_ARCH = YES;
				OTHER_LDFLAGS = "-all_load";
				SDKROOT = iphoneos;
				SWIFT_ACTIVE_COMPILATION_CONDITIONS = DEBUG;
				SWIFT_OBJC_BRIDGING_HEADER = "Three_meditation_a_day/Briging-Header.h";
				SWIFT_OPTIMIZATION_LEVEL = "-Onone";
			};
			name = Debug;
		};
		B5F56AC22000FD8A00CCED3E /* Release */ = {
			isa = XCBuildConfiguration;
			buildSettings = {
				ALWAYS_SEARCH_USER_PATHS = NO;
				CLANG_ANALYZER_NONNULL = YES;
				CLANG_ANALYZER_NUMBER_OBJECT_CONVERSION = YES_AGGRESSIVE;
				CLANG_CXX_LANGUAGE_STANDARD = "gnu++14";
				CLANG_CXX_LIBRARY = "libc++";
				CLANG_ENABLE_MODULES = YES;
				CLANG_ENABLE_OBJC_ARC = YES;
				CLANG_WARN_BLOCK_CAPTURE_AUTORELEASING = YES;
				CLANG_WARN_BOOL_CONVERSION = YES;
				CLANG_WARN_COMMA = YES;
				CLANG_WARN_CONSTANT_CONVERSION = YES;
				CLANG_WARN_DIRECT_OBJC_ISA_USAGE = YES_ERROR;
				CLANG_WARN_DOCUMENTATION_COMMENTS = YES;
				CLANG_WARN_EMPTY_BODY = YES;
				CLANG_WARN_ENUM_CONVERSION = YES;
				CLANG_WARN_INFINITE_RECURSION = YES;
				CLANG_WARN_INT_CONVERSION = YES;
				CLANG_WARN_NON_LITERAL_NULL_CONVERSION = YES;
				CLANG_WARN_OBJC_LITERAL_CONVERSION = YES;
				CLANG_WARN_OBJC_ROOT_CLASS = YES_ERROR;
				CLANG_WARN_RANGE_LOOP_ANALYSIS = YES;
				CLANG_WARN_STRICT_PROTOTYPES = YES;
				CLANG_WARN_SUSPICIOUS_MOVE = YES;
				CLANG_WARN_UNGUARDED_AVAILABILITY = YES_AGGRESSIVE;
				CLANG_WARN_UNREACHABLE_CODE = YES;
				CLANG_WARN__DUPLICATE_METHOD_MATCH = YES;
				CODE_SIGN_IDENTITY = "iPhone Developer";
				COPY_PHASE_STRIP = NO;
				DEBUG_INFORMATION_FORMAT = "dwarf-with-dsym";
				ENABLE_NS_ASSERTIONS = NO;
				ENABLE_STRICT_OBJC_MSGSEND = YES;
				GCC_C_LANGUAGE_STANDARD = gnu11;
				GCC_NO_COMMON_BLOCKS = YES;
				GCC_WARN_64_TO_32_BIT_CONVERSION = YES;
				GCC_WARN_ABOUT_RETURN_TYPE = YES_ERROR;
				GCC_WARN_UNDECLARED_SELECTOR = YES;
				GCC_WARN_UNINITIALIZED_AUTOS = YES_AGGRESSIVE;
				GCC_WARN_UNUSED_FUNCTION = YES;
				GCC_WARN_UNUSED_VARIABLE = YES;
				IPHONEOS_DEPLOYMENT_TARGET = 11.2;
				MTL_ENABLE_DEBUG_INFO = NO;
				OTHER_LDFLAGS = "-all_load";
				SDKROOT = iphoneos;
				SWIFT_OBJC_BRIDGING_HEADER = "Three_meditation_a_day/Briging-Header.h";
				SWIFT_OPTIMIZATION_LEVEL = "-Owholemodule";
				VALIDATE_PRODUCT = YES;
			};
			name = Release;
		};
		B5F56AC42000FD8A00CCED3E /* Debug */ = {
			isa = XCBuildConfiguration;
			buildSettings = {
				ASSETCATALOG_COMPILER_APPICON_NAME = AppIcon;
				CODE_SIGN_STYLE = Automatic;
				DEVELOPMENT_TEAM = AYUBF3UYBE;
				FRAMEWORK_SEARCH_PATHS = (
					"$(inherited)",
					"$(PROJECT_DIR)/Three_meditation_a_day",
					"$(PROJECT_DIR)/Frameworks",
				);
				INFOPLIST_FILE = Three_meditation_a_day/Info.plist;
				IPHONEOS_DEPLOYMENT_TARGET = 10.2;
				LD_RUNPATH_SEARCH_PATHS = "$(inherited) @executable_path/Frameworks";
				PRODUCT_BUNDLE_IDENTIFIER = "GilNam.Three-meditation-a-day";
				PRODUCT_NAME = "$(TARGET_NAME)";
				SWIFT_VERSION = 4.0;
				TARGETED_DEVICE_FAMILY = 1;
			};
			name = Debug;
		};
		B5F56AC52000FD8A00CCED3E /* Release */ = {
			isa = XCBuildConfiguration;
			buildSettings = {
				ASSETCATALOG_COMPILER_APPICON_NAME = AppIcon;
				CODE_SIGN_STYLE = Automatic;
				DEVELOPMENT_TEAM = AYUBF3UYBE;
				FRAMEWORK_SEARCH_PATHS = (
					"$(inherited)",
					"$(PROJECT_DIR)/Three_meditation_a_day",
					"$(PROJECT_DIR)/Frameworks",
				);
				INFOPLIST_FILE = Three_meditation_a_day/Info.plist;
				IPHONEOS_DEPLOYMENT_TARGET = 10.2;
				LD_RUNPATH_SEARCH_PATHS = "$(inherited) @executable_path/Frameworks";
				PRODUCT_BUNDLE_IDENTIFIER = "GilNam.Three-meditation-a-day";
				PRODUCT_NAME = "$(TARGET_NAME)";
				SWIFT_VERSION = 4.0;
				TARGETED_DEVICE_FAMILY = 1;
			};
			name = Release;
		};
/* End XCBuildConfiguration section */

/* Begin XCConfigurationList section */
		B5F56AAC2000FD8A00CCED3E /* Build configuration list for PBXProject "Three_meditation_a_day" */ = {
			isa = XCConfigurationList;
			buildConfigurations = (
				B5F56AC12000FD8A00CCED3E /* Debug */,
				B5F56AC22000FD8A00CCED3E /* Release */,
			);
			defaultConfigurationIsVisible = 0;
			defaultConfigurationName = Release;
		};
		B5F56AC32000FD8A00CCED3E /* Build configuration list for PBXNativeTarget "Three_meditation_a_day" */ = {
			isa = XCConfigurationList;
			buildConfigurations = (
				B5F56AC42000FD8A00CCED3E /* Debug */,
				B5F56AC52000FD8A00CCED3E /* Release */,
			);
			defaultConfigurationIsVisible = 0;
			defaultConfigurationName = Release;
		};
/* End XCConfigurationList section */
	};
	rootObject = B5F56AA92000FD8A00CCED3E /* Project object */;
}
